
Microsoft Visual Studio Solution File, Format Version 12.00
# Visual Studio 2013
VisualStudioVersion = 12.0.21005.1
MinimumVisualStudioVersion = 10.0.40219.1
Project("{FAE04EC0-301F-11D3-BF4B-00C04F79EFBC}") = "NumericSequenceCalculator", "NumericSequenceCalculator\NumericSequenceCalculator.csproj", "{ADB617E0-C79C-4D67-90A7-AA7257539762}"
EndProject
Project("{FAE04EC0-301F-11D3-BF4B-00C04F79EFBC}") = "NumericSequenceCalculator.Tests", "NumericSequenceCalculator.Tests\NumericSequenceCalculator.Tests.csproj", "{A69DC775-C171-4880-9887-CAC058120BFE}"
EndProject
Global
	GlobalSection(SolutionConfigurationPlatforms) = preSolution
		Debug|Any CPU = Debug|Any CPU
		Release|Any CPU = Release|Any CPU
	EndGlobalSection
	GlobalSection(ProjectConfigurationPlatforms) = postSolution
		{ADB617E0-C79C-4D67-90A7-AA7257539762}.Debug|Any CPU.ActiveCfg = Debug|Any CPU
		{ADB617E0-C79C-4D67-90A7-AA7257539762}.Debug|Any CPU.Build.0 = Debug|Any CPU
		{ADB617E0-C79C-4D67-90A7-AA7257539762}.Release|Any CPU.ActiveCfg = Release|Any CPU
		{ADB617E0-C79C-4D67-90A7-AA7257539762}.Release|Any CPU.Build.0 = Release|Any CPU
		{A69DC775-C171-4880-9887-CAC058120BFE}.Debug|Any CPU.ActiveCfg = Debug|Any CPU
		{A69DC775-C171-4880-9887-CAC058120BFE}.Debug|Any CPU.Build.0 = Debug|Any CPU
		{A69DC775-C171-4880-9887-CAC058120BFE}.Release|Any CPU.ActiveCfg = Release|Any CPU
		{A69DC775-C171-4880-9887-CAC058120BFE}.Release|Any CPU.Build.0 = Release|Any CPU
	EndGlobalSection
	GlobalSection(SolutionProperties) = preSolution
		HideSolutionNode = FALSE
	EndGlobalSection
EndGlobal
